
Microsoft Visual Studio Solution File, Format Version 12.00
# Visual Studio Version 17
VisualStudioVersion = 17.13.35825.156 d17.13
MinimumVisualStudioVersion = 10.0.40219.1
Project("{FAE04EC0-301F-11D3-BF4B-00C04F79EFBC}") = "ucpPabd", "ucpPabd\ucpPabd.csproj", "{75FBFF93-B274-4FAB-95B8-A6AD078FF16D}"
EndProject
Global
	GlobalSection(SolutionConfigurationPlatforms) = preSolution
		Debug|Any CPU = Debug|Any CPU
		Release|Any CPU = Release|Any CPU
	EndGlobalSection
	GlobalSection(ProjectConfigurationPlatforms) = postSolution
		{75FBFF93-B274-4FAB-95B8-A6AD078FF16D}.Debug|Any CPU.ActiveCfg = Debug|Any CPU
		{75FBFF93-B274-4FAB-95B8-A6AD078FF16D}.Debug|Any CPU.Build.0 = Debug|Any CPU
		{75FBFF93-B274-4FAB-95B8-A6AD078FF16D}.Release|Any CPU.ActiveCfg = Release|Any CPU
		{75FBFF93-B274-4FAB-95B8-A6AD078FF16D}.Release|Any CPU.Build.0 = Release|Any CPU
	EndGlobalSection
	GlobalSection(SolutionProperties) = preSolution
		HideSolutionNode = FALSE
	EndGlobalSection
	GlobalSection(ExtensibilityGlobals) = postSolution
		SolutionGuid = {3A2660B6-4835-43D3-B49F-178109D3547C}
	EndGlobalSection
EndGlobal
